<?xml version="1.0" encoding="utf-8"?>
<Project ToolsVersion="4.0" xmlns="http://schemas.microsoft.com/developer/msbuild/2003">
  <ItemGroup>
    <Filter Include="Copper">
      <UniqueIdentifier>{2E9B40AC-1A3D-6B82-03F8-7ED6EF38F2D2}</UniqueIdentifier>
    </Filter>
    <Filter Include="Copper\Core">
      <UniqueIdentifier>{46EC9F52-B2A1-1848-3B96-121FA74A0F4C}</UniqueIdentifier>
    </Filter>
    <Filter Include="Copper\Debug">
      <UniqueIdentifier>{24D0A9A6-1033-394B-B9B8-7101A5FA04CE}</UniqueIdentifier>
    </Filter>
    <Filter Include="Copper\Events">
      <UniqueIdentifier>{52276E7F-BEE7-E9B5-8722-3333F3A12E92}</UniqueIdentifier>
    </Filter>
    <Filter Include="Copper\Launch">
      <UniqueIdentifier>{F8044F8E-64C5-CAC4-2D00-1442997F0FA1}</UniqueIdentifier>
    </Filter>
    <Filter Include="Platform">
      <UniqueIdentifier>{2AC788B4-1694-E3BF-3FAD-D1672BD9184E}</UniqueIdentifier>
    </Filter>
    <Filter Include="Platform\Windows">
      <UniqueIdentifier>{64FBD71A-50F4-F66C-7926-DCF1657ED678}</UniqueIdentifier>
    </Filter>
  </ItemGroup>
  <ItemGroup>
    <ClInclude Include="src\Copper.h" />
    <ClInclude Include="src\Copper\Core\Application.h">
      <Filter>Copper\Core</Filter>
    </ClInclude>
    <ClInclude Include="src\Copper\Core\Core.h">
      <Filter>Copper\Core</Filter>
    </ClInclude>
    <ClInclude Include="src\Copper\Core\Window.h">
      <Filter>Copper\Core</Filter>
    </ClInclude>
    <ClInclude Include="src\Copper\Debug\Log.h">
      <Filter>Copper\Debug</Filter>
    </ClInclude>
    <ClInclude Include="src\Copper\Events\ApplicationEvent.h">
      <Filter>Copper\Events</Filter>
    </ClInclude>
    <ClInclude Include="src\Copper\Events\Event.h">
      <Filter>Copper\Events</Filter>
    </ClInclude>
    <ClInclude Include="src\Copper\Events\KeyEvent.h">
      <Filter>Copper\Events</Filter>
    </ClInclude>
    <ClInclude Include="src\Copper\Events\MouseEvent.h">
      <Filter>Copper\Events</Filter>
    </ClInclude>
    <ClInclude Include="src\Platform\Windows\WindowsWindow.h">
      <Filter>Platform\Windows</Filter>
    </ClInclude>
  </ItemGroup>
  <ItemGroup>
    <ClCompile Include="src\Copper\Core\Application.cpp">
      <Filter>Copper\Core</Filter>
    </ClCompile>
    <ClCompile Include="src\Copper\Debug\Log.cpp">
      <Filter>Copper\Debug</Filter>
    </ClCompile>
    <ClCompile Include="src\Copper\Launch\Entry.cpp">
      <Filter>Copper\Launch</Filter>
    </ClCompile>
    <ClCompile Include="src\Platform\Windows\WindowsWindow.cpp">
      <Filter>Platform\Windows</Filter>
    </ClCompile>
  </ItemGroup>
</Project>